// !$*UTF8*$!
{
	archiveVersion = 1;
	classes = {
	};
	objectVersion = 46;
	objects = {

/* Begin PBXBuildFile section */
		A90B864D1ED5BFF20039878B /* GKWaterFlowLayout.swift in Sources */ = {isa = PBXBuildFile; fileRef = A90B864C1ED5BFF20039878B /* GKWaterFlowLayout.swift */; };
		A9853AFE1EE83BDA00CB8569 /* GKCustomeViewController.swift in Sources */ = {isa = PBXBuildFile; fileRef = A9853AFD1EE83BDA00CB8569 /* GKCustomeViewController.swift */; };
		A9E293C01ED480A4006D6D14 /* AppDelegate.swift in Sources */ = {isa = PBXBuildFile; fileRef = A9E293BF1ED480A4006D6D14 /* AppDelegate.swift */; };
		A9E293C21ED480A4006D6D14 /* ViewController.swift in Sources */ = {isa = PBXBuildFile; fileRef = A9E293C11ED480A4006D6D14 /* ViewController.swift */; };
		A9E293C51ED480A4006D6D14 /* Main.storyboard in Resources */ = {isa = PBXBuildFile; fileRef = A9E293C31ED480A4006D6D14 /* Main.storyboard */; };
		A9E293C71ED480A4006D6D14 /* Assets.xcassets in Resources */ = {isa = PBXBuildFile; fileRef = A9E293C61ED480A4006D6D14 /* Assets.xcassets */; };
		A9E293CA1ED480A4006D6D14 /* LaunchScreen.storyboard in Resources */ = {isa = PBXBuildFile; fileRef = A9E293C81ED480A4006D6D14 /* LaunchScreen.storyboard */; };
		A9E293D21ED480CD006D6D14 /* UIColor+extension.swift in Sources */ = {isa = PBXBuildFile; fileRef = A9E293D11ED480CD006D6D14 /* UIColor+extension.swift */; };
/* End PBXBuildFile section */

/* Begin PBXFileReference section */
		A90B864C1ED5BFF20039878B /* GKWaterFlowLayout.swift */ = {isa = PBXFileReference; fileEncoding = 4; lastKnownFileType = sourcecode.swift; name = GKWaterFlowLayout.swift; path = ../GKWaterFlowLayout.swift; sourceTree = "<group>"; };
		A9853AFD1EE83BDA00CB8569 /* GKCustomeViewController.swift */ = {isa = PBXFileReference; fileEncoding = 4; lastKnownFileType = sourcecode.swift; path = GKCustomeViewController.swift; sourceTree = "<group>"; };
		A9E293BC1ED480A4006D6D14 /* 02-瀑布流.app */ = {isa = PBXFileReference; explicitFileType = wrapper.application; includeInIndex = 0; path = "02-瀑布流.app"; sourceTree = BUILT_PRODUCTS_DIR; };
		A9E293BF1ED480A4006D6D14 /* AppDelegate.swift */ = {isa = PBXFileReference; lastKnownFileType = sourcecode.swift; path = AppDelegate.swift; sourceTree = "<group>"; };
		A9E293C11ED480A4006D6D14 /* ViewController.swift */ = {isa = PBXFileReference; lastKnownFileType = sourcecode.swift; path = ViewController.swift; sourceTree = "<group>"; };
		A9E293C41ED480A4006D6D14 /* Base */ = {isa = PBXFileReference; lastKnownFileType = file.storyboard; name = Base; path = Base.lproj/Main.storyboard; sourceTree = "<group>"; };
		A9E293C61ED480A4006D6D14 /* Assets.xcassets */ = {isa = PBXFileReference; lastKnownFileType = folder.assetcatalog; path = Assets.xcassets; sourceTree = "<group>"; };
		A9E293C91ED480A4006D6D14 /* Base */ = {isa = PBXFileReference; lastKnownFileType = file.storyboard; name = Base; path = Base.lproj/LaunchScreen.storyboard; sourceTree = "<group>"; };
		A9E293CB1ED480A4006D6D14 /* Info.plist */ = {isa = PBXFileReference; lastKnownFileType = text.plist.xml; path = Info.plist; sourceTree = "<group>"; };
		A9E293D11ED480CD006D6D14 /* UIColor+extension.swift */ = {isa = PBXFileReference; fileEncoding = 4; lastKnownFileType = sourcecode.swift; path = "UIColor+extension.swift"; sourceTree = "<group>"; };
/* End PBXFileReference section */

/* Begin PBXFrameworksBuildPhase section */
		A9E293B91ED480A4006D6D14 /* Frameworks */ = {
			isa = PBXFrameworksBuildPhase;
			buildActionMask = 2147483647;
			files = (
			);
			runOnlyForDeploymentPostprocessing = 0;
		};
/* End PBXFrameworksBuildPhase section */

/* Begin PBXGroup section */
		A9E293B31ED480A4006D6D14 = {
			isa = PBXGroup;
			children = (
				A9E293BE1ED480A4006D6D14 /* 02-瀑布流 */,
				A9E293BD1ED480A4006D6D14 /* Products */,
			);
			sourceTree = "<group>";
		};
		A9E293BD1ED480A4006D6D14 /* Products */ = {
			isa = PBXGroup;
			children = (
				A9E293BC1ED480A4006D6D14 /* 02-瀑布流.app */,
			);
			name = Products;
			sourceTree = "<group>";
		};
		A9E293BE1ED480A4006D6D14 /* 02-瀑布流 */ = {
			isa = PBXGroup;
			children = (
				A9E293BF1ED480A4006D6D14 /* AppDelegate.swift */,
				A9853AFD1EE83BDA00CB8569 /* GKCustomeViewController.swift */,
				A90B864C1ED5BFF20039878B /* GKWaterFlowLayout.swift */,
				A9E293C11ED480A4006D6D14 /* ViewController.swift */,
				A9E293C31ED480A4006D6D14 /* Main.storyboard */,
				A9E293D11ED480CD006D6D14 /* UIColor+extension.swift */,
				A9E293C61ED480A4006D6D14 /* Assets.xcassets */,
				A9E293C81ED480A4006D6D14 /* LaunchScreen.storyboard */,
				A9E293CB1ED480A4006D6D14 /* Info.plist */,
			);
			path = "02-瀑布流";
			sourceTree = "<group>";
		};
/* End PBXGroup section */

/* Begin PBXNativeTarget section */
		A9E293BB1ED480A4006D6D14 /* 02-瀑布流 */ = {
			isa = PBXNativeTarget;
			buildConfigurationList = A9E293CE1ED480A4006D6D14 /* Build configuration list for PBXNativeTarget "02-瀑布流" */;
			buildPhases = (
				A9E293B81ED480A4006D6D14 /* Sources */,
				A9E293B91ED480A4006D6D14 /* Frameworks */,
				A9E293BA1ED480A4006D6D14 /* Resources */,
			);
			buildRules = (
			);
			dependencies = (
			);
			name = "02-瀑布流";
			productName = "02-瀑布流";
			productReference = A9E293BC1ED480A4006D6D14 /* 02-瀑布流.app */;
			productType = "com.apple.product-type.application";
		};
/* End PBXNativeTarget section */

/* Begin PBXProject section */
		A9E293B41ED480A4006D6D14 /* Project object */ = {
			isa = PBXProject;
			attributes = {
				LastSwiftUpdateCheck = 0830;
				LastUpgradeCheck = 0830;
				ORGANIZATIONNAME = guokai;
				TargetAttributes = {
					A9E293BB1ED480A4006D6D14 = {
						CreatedOnToolsVersion = 8.3.2;
						ProvisioningStyle = Automatic;
					};
				};
			};
			buildConfigurationList = A9E293B71ED480A4006D6D14 /* Build configuration list for PBXProject "02-瀑布流" */;
			compatibilityVersion = "Xcode 3.2";
			developmentRegion = English;
			hasScannedForEncodings = 0;
			knownRegions = (
				en,
				Base,
			);
			mainGroup = A9E293B31ED480A4006D6D14;
			productRefGroup = A9E293BD1ED480A4006D6D14 /* Products */;
			projectDirPath = "";
			projectRoot = "";
			targets = (
				A9E293BB1ED480A4006D6D14 /* 02-瀑布流 */,
			);
		};
/* End PBXProject section */

/* Begin PBXResourcesBuildPhase section */
		A9E293BA1ED480A4006D6D14 /* Resources */ = {
			isa = PBXResourcesBuildPhase;
			buildActionMask = 2147483647;
			files = (
				A9E293CA1ED480A4006D6D14 /* LaunchScreen.storyboard in Resources */,
				A9E293C71ED480A4006D6D14 /* Assets.xcassets in Resources */,
				A9E293C51ED480A4006D6D14 /* Main.storyboard in Resources */,
			);
			runOnlyForDeploymentPostprocessing = 0;
		};
/* End PBXResourcesBuildPhase section */

/* Begin PBXSourcesBuildPhase section */
		A9E293B81ED480A4006D6D14 /* Sources */ = {
			isa = PBXSourcesBuildPhase;
			buildActionMask = 2147483647;
			files = (
				A9E293D21ED480CD006D6D14 /* UIColor+extension.swift in Sources */,
				A9853AFE1EE83BDA00CB8569 /* GKCustomeViewController.swift in Sources */,
				A90B864D1ED5BFF20039878B /* GKWaterFlowLayout.swift in Sources */,
				A9E293C21ED480A4006D6D14 /* ViewController.swift in Sources */,
				A9E293C01ED480A4006D6D14 /* AppDelegate.swift in Sources */,
			);
			runOnlyForDeploymentPostprocessing = 0;
		};
/* End PBXSourcesBuildPhase section */

/* Begin PBXVariantGroup section */
		A9E293C31ED480A4006D6D14 /* Main.storyboard */ = {
			isa = PBXVariantGroup;
			children = (
				A9E293C41ED480A4006D6D14 /* Base */,
			);
			name = Main.storyboard;
			sourceTree = "<group>";
		};
		A9E293C81ED480A4006D6D14 /* LaunchScreen.storyboard */ = {
			isa = PBXVariantGroup;
			children = (
				A9E293C91ED480A4006D6D14 /* Base */,
			);
			name = LaunchScreen.storyboard;
			sourceTree = "<group>";
		};
/* End PBXVariantGroup section */

/* Begin XCBuildConfiguration section */
		A9E293CC1ED480A4006D6D14 /* Debug */ = {
			isa = XCBuildConfiguration;
			buildSettings = {
				ALWAYS_SEARCH_USER_PATHS = NO;
				CLANG_ANALYZER_NONNULL = YES;
				CLANG_ANALYZER_NUMBER_OBJECT_CONVERSION = YES_AGGRESSIVE;
				CLANG_CXX_LANGUAGE_STANDARD = "gnu++0x";
				CLANG_CXX_LIBRARY = "libc++";
				CLANG_ENABLE_MODULES = YES;
				CLANG_ENABLE_OBJC_ARC = YES;
				CLANG_WARN_BOOL_CONVERSION = YES;
				CLANG_WARN_CONSTANT_CONVERSION = YES;
				CLANG_WARN_DIRECT_OBJC_ISA_USAGE = YES_ERROR;
				CLANG_WARN_DOCUMENTATION_COMMENTS = YES;
				CLANG_WARN_EMPTY_BODY = YES;
				CLANG_WARN_ENUM_CONVERSION = YES;
				CLANG_WARN_INFINITE_RECURSION = YES;
				CLANG_WARN_INT_CONVERSION = YES;
				CLANG_WARN_OBJC_ROOT_CLASS = YES_ERROR;
				CLANG_WARN_SUSPICIOUS_MOVE = YES;
				CLANG_WARN_UNREACHABLE_CODE = YES;
				CLANG_WARN__DUPLICATE_METHOD_MATCH = YES;
				"CODE_SIGN_IDENTITY[sdk=iphoneos*]" = "iPhone Developer";
				COPY_PHASE_STRIP = NO;
				DEBUG_INFORMATION_FORMAT = dwarf;
				ENABLE_STRICT_OBJC_MSGSEND = YES;
				ENABLE_TESTABILITY = YES;
				GCC_C_LANGUAGE_STANDARD = gnu99;
				GCC_DYNAMIC_NO_PIC = NO;
				GCC_NO_COMMON_BLOCKS = YES;
				GCC_OPTIMIZATION_LEVEL = 0;
				GCC_PREPROCESSOR_DEFINITIONS = (
					"DEBUG=1",
					"$(inherited)",
				);
				GCC_WARN_64_TO_32_BIT_CONVERSION = YES;
				GCC_WARN_ABOUT_RETURN_TYPE = YES_ERROR;
				GCC_WARN_UNDECLARED_SELECTOR = YES;
				GCC_WARN_UNINITIALIZED_AUTOS = YES_AGGRESSIVE;
				GCC_WARN_UNUSED_FUNCTION = YES;
				GCC_WARN_UNUSED_VARIABLE = YES;
				IPHONEOS_DEPLOYMENT_TARGET = 10.3;
				MTL_ENABLE_DEBUG_INFO = YES;
				ONLY_ACTIVE_ARCH = YES;
				SDKROOT = iphoneos;
				SWIFT_ACTIVE_COMPILATION_CONDITIONS = DEBUG;
				SWIFT_OPTIMIZATION_LEVEL = "-Onone";
			};
			name = Debug;
		};
		A9E293CD1ED480A4006D6D14 /* Release */ = {
			isa = XCBuildConfiguration;
			buildSettings = {
				ALWAYS_SEARCH_USER_PATHS = NO;
				CLANG_ANALYZER_NONNULL = YES;
				CLANG_ANALYZER_NUMBER_OBJECT_CONVERSION = YES_AGGRESSIVE;
				CLANG_CXX_LANGUAGE_STANDARD = "gnu++0x";
				CLANG_CXX_LIBRARY = "libc++";
				CLANG_ENABLE_MODULES = YES;
				CLANG_ENABLE_OBJC_ARC = YES;
				CLANG_WARN_BOOL_CONVERSION = YES;
				CLANG_WARN_CONSTANT_CONVERSION = YES;
				CLANG_WARN_DIRECT_OBJC_ISA_USAGE = YES_ERROR;
				CLANG_WARN_DOCUMENTATION_COMMENTS = YES;
				CLANG_WARN_EMPTY_BODY = YES;
				CLANG_WARN_ENUM_CONVERSION = YES;
				CLANG_WARN_INFINITE_RECURSION = YES;
				CLANG_WARN_INT_CONVERSION = YES;
				CLANG_WARN_OBJC_ROOT_CLASS = YES_ERROR;
				CLANG_WARN_SUSPICIOUS_MOVE = YES;
				CLANG_WARN_UNREACHABLE_CODE = YES;
				CLANG_WARN__DUPLICATE_METHOD_MATCH = YES;
				"CODE_SIGN_IDENTITY[sdk=iphoneos*]" = "iPhone Developer";
				COPY_PHASE_STRIP = NO;
				DEBUG_INFORMATION_FORMAT = "dwarf-with-dsym";
				ENABLE_NS_ASSERTIONS = NO;
				ENABLE_STRICT_OBJC_MSGSEND = YES;
				GCC_C_LANGUAGE_STANDARD = gnu99;
				GCC_NO_COMMON_BLOCKS = YES;
				GCC_WARN_64_TO_32_BIT_CONVERSION = YES;
				GCC_WARN_ABOUT_RETURN_TYPE = YES_ERROR;
				GCC_WARN_UNDECLARED_SELECTOR = YES;
				GCC_WARN_UNINITIALIZED_AUTOS = YES_AGGRESSIVE;
				GCC_WARN_UNUSED_FUNCTION = YES;
				GCC_WARN_UNUSED_VARIABLE = YES;
				IPHONEOS_DEPLOYMENT_TARGET = 10.3;
				MTL_ENABLE_DEBUG_INFO = NO;
				SDKROOT = iphoneos;
				SWIFT_OPTIMIZATION_LEVEL = "-Owholemodule";
				VALIDATE_PRODUCT = YES;
			};
			name = Release;
		};
		A9E293CF1ED480A4006D6D14 /* Debug */ = {
			isa = XCBuildConfiguration;
			buildSettings = {
				ASSETCATALOG_COMPILER_APPICON_NAME = AppIcon;
				INFOPLIST_FILE = "02-瀑布流/Info.plist";
				LD_RUNPATH_SEARCH_PATHS = "$(inherited) @executable_path/Frameworks";
				PRODUCT_BUNDLE_IDENTIFIER = haha;
				PRODUCT_NAME = "$(TARGET_NAME)";
				SWIFT_VERSION = 3.0;
			};
			name = Debug;
		};
		A9E293D01ED480A4006D6D14 /* Release */ = {
			isa = XCBuildConfiguration;
			buildSettings = {
				ASSETCATALOG_COMPILER_APPICON_NAME = AppIcon;
				INFOPLIST_FILE = "02-瀑布流/Info.plist";
				LD_RUNPATH_SEARCH_PATHS = "$(inherited) @executable_path/Frameworks";
				PRODUCT_BUNDLE_IDENTIFIER = haha;
				PRODUCT_NAME = "$(TARGET_NAME)";
				SWIFT_VERSION = 3.0;
			};
			name = Release;
		};
/* End XCBuildConfiguration section */

/* Begin XCConfigurationList section */
		A9E293B71ED480A4006D6D14 /* Build configuration list for PBXProject "02-瀑布流" */ = {
			isa = XCConfigurationList;
			buildConfigurations = (
				A9E293CC1ED480A4006D6D14 /* Debug */,
				A9E293CD1ED480A4006D6D14 /* Release */,
			);
			defaultConfigurationIsVisible = 0;
			defaultConfigurationName = Release;
		};
		A9E293CE1ED480A4006D6D14 /* Build configuration list for PBXNativeTarget "02-瀑布流" */ = {
			isa = XCConfigurationList;
			buildConfigurations = (
				A9E293CF1ED480A4006D6D14 /* Debug */,
				A9E293D01ED480A4006D6D14 /* Release */,
			);
			defaultConfigurationIsVisible = 0;
			defaultConfigurationName = Release;
		};
/* End XCConfigurationList section */
	};
	rootObject = A9E293B41ED480A4006D6D14 /* Project object */;
}
