// !$*UTF8*$!
{
	archiveVersion = 1;
	classes = {
	};
	objectVersion = 46;
	objects = {

/* Begin PBXBuildFile section */
		A9E94CD91F58FA8F0076F7F1 /* AppDelegate.swift in Sources */ = {isa = PBXBuildFile; fileRef = A9E94CD81F58FA8F0076F7F1 /* AppDelegate.swift */; };
		A9E94CDB1F58FA8F0076F7F1 /* ViewController.swift in Sources */ = {isa = PBXBuildFile; fileRef = A9E94CDA1F58FA8F0076F7F1 /* ViewController.swift */; };
		A9E94CDE1F58FA900076F7F1 /* Main.storyboard in Resources */ = {isa = PBXBuildFile; fileRef = A9E94CDC1F58FA8F0076F7F1 /* Main.storyboard */; };
		A9E94CE01F58FA900076F7F1 /* Assets.xcassets in Resources */ = {isa = PBXBuildFile; fileRef = A9E94CDF1F58FA900076F7F1 /* Assets.xcassets */; };
		A9E94CE31F58FA900076F7F1 /* LaunchScreen.storyboard in Resources */ = {isa = PBXBuildFile; fileRef = A9E94CE11F58FA900076F7F1 /* LaunchScreen.storyboard */; };
		A9E94CEE1F58FA900076F7F1 /* WaterFlowTests.swift in Sources */ = {isa = PBXBuildFile; fileRef = A9E94CED1F58FA900076F7F1 /* WaterFlowTests.swift */; };
		A9E94CF91F58FA900076F7F1 /* WaterFlowUITests.swift in Sources */ = {isa = PBXBuildFile; fileRef = A9E94CF81F58FA900076F7F1 /* WaterFlowUITests.swift */; };
		A9E94D081F58FAB80076F7F1 /* GKCustomeViewController.swift in Sources */ = {isa = PBXBuildFile; fileRef = A9E94D061F58FAB80076F7F1 /* GKCustomeViewController.swift */; };
		A9E94D091F58FAB80076F7F1 /* GKWaterFlowLayout.swift in Sources */ = {isa = PBXBuildFile; fileRef = A9E94D071F58FAB80076F7F1 /* GKWaterFlowLayout.swift */; };
		A9E94D0B1F58FAC10076F7F1 /* UIColor+extension.swift in Sources */ = {isa = PBXBuildFile; fileRef = A9E94D0A1F58FAC10076F7F1 /* UIColor+extension.swift */; };
/* End PBXBuildFile section */

/* Begin PBXContainerItemProxy section */
		A9E94CEA1F58FA900076F7F1 /* PBXContainerItemProxy */ = {
			isa = PBXContainerItemProxy;
			containerPortal = A9E94CCD1F58FA8F0076F7F1 /* Project object */;
			proxyType = 1;
			remoteGlobalIDString = A9E94CD41F58FA8F0076F7F1;
			remoteInfo = WaterFlow;
		};
		A9E94CF51F58FA900076F7F1 /* PBXContainerItemProxy */ = {
			isa = PBXContainerItemProxy;
			containerPortal = A9E94CCD1F58FA8F0076F7F1 /* Project object */;
			proxyType = 1;
			remoteGlobalIDString = A9E94CD41F58FA8F0076F7F1;
			remoteInfo = WaterFlow;
		};
/* End PBXContainerItemProxy section */

/* Begin PBXFileReference section */
		A9E94CD51F58FA8F0076F7F1 /* WaterFlow.app */ = {isa = PBXFileReference; explicitFileType = wrapper.application; includeInIndex = 0; path = WaterFlow.app; sourceTree = BUILT_PRODUCTS_DIR; };
		A9E94CD81F58FA8F0076F7F1 /* AppDelegate.swift */ = {isa = PBXFileReference; lastKnownFileType = sourcecode.swift; path = AppDelegate.swift; sourceTree = "<group>"; };
		A9E94CDA1F58FA8F0076F7F1 /* ViewController.swift */ = {isa = PBXFileReference; lastKnownFileType = sourcecode.swift; path = ViewController.swift; sourceTree = "<group>"; };
		A9E94CDD1F58FA8F0076F7F1 /* Base */ = {isa = PBXFileReference; lastKnownFileType = file.storyboard; name = Base; path = Base.lproj/Main.storyboard; sourceTree = "<group>"; };
		A9E94CDF1F58FA900076F7F1 /* Assets.xcassets */ = {isa = PBXFileReference; lastKnownFileType = folder.assetcatalog; path = Assets.xcassets; sourceTree = "<group>"; };
		A9E94CE21F58FA900076F7F1 /* Base */ = {isa = PBXFileReference; lastKnownFileType = file.storyboard; name = Base; path = Base.lproj/LaunchScreen.storyboard; sourceTree = "<group>"; };
		A9E94CE41F58FA900076F7F1 /* Info.plist */ = {isa = PBXFileReference; lastKnownFileType = text.plist.xml; path = Info.plist; sourceTree = "<group>"; };
		A9E94CE91F58FA900076F7F1 /* WaterFlowTests.xctest */ = {isa = PBXFileReference; explicitFileType = wrapper.cfbundle; includeInIndex = 0; path = WaterFlowTests.xctest; sourceTree = BUILT_PRODUCTS_DIR; };
		A9E94CED1F58FA900076F7F1 /* WaterFlowTests.swift */ = {isa = PBXFileReference; lastKnownFileType = sourcecode.swift; path = WaterFlowTests.swift; sourceTree = "<group>"; };
		A9E94CEF1F58FA900076F7F1 /* Info.plist */ = {isa = PBXFileReference; lastKnownFileType = text.plist.xml; path = Info.plist; sourceTree = "<group>"; };
		A9E94CF41F58FA900076F7F1 /* WaterFlowUITests.xctest */ = {isa = PBXFileReference; explicitFileType = wrapper.cfbundle; includeInIndex = 0; path = WaterFlowUITests.xctest; sourceTree = BUILT_PRODUCTS_DIR; };
		A9E94CF81F58FA900076F7F1 /* WaterFlowUITests.swift */ = {isa = PBXFileReference; lastKnownFileType = sourcecode.swift; path = WaterFlowUITests.swift; sourceTree = "<group>"; };
		A9E94CFA1F58FA900076F7F1 /* Info.plist */ = {isa = PBXFileReference; lastKnownFileType = text.plist.xml; path = Info.plist; sourceTree = "<group>"; };
		A9E94D061F58FAB80076F7F1 /* GKCustomeViewController.swift */ = {isa = PBXFileReference; fileEncoding = 4; lastKnownFileType = sourcecode.swift; path = GKCustomeViewController.swift; sourceTree = "<group>"; };
		A9E94D071F58FAB80076F7F1 /* GKWaterFlowLayout.swift */ = {isa = PBXFileReference; fileEncoding = 4; lastKnownFileType = sourcecode.swift; path = GKWaterFlowLayout.swift; sourceTree = "<group>"; };
		A9E94D0A1F58FAC10076F7F1 /* UIColor+extension.swift */ = {isa = PBXFileReference; fileEncoding = 4; lastKnownFileType = sourcecode.swift; path = "UIColor+extension.swift"; sourceTree = "<group>"; };
/* End PBXFileReference section */

/* Begin PBXFrameworksBuildPhase section */
		A9E94CD21F58FA8F0076F7F1 /* Frameworks */ = {
			isa = PBXFrameworksBuildPhase;
			buildActionMask = 2147483647;
			files = (
			);
			runOnlyForDeploymentPostprocessing = 0;
		};
		A9E94CE61F58FA900076F7F1 /* Frameworks */ = {
			isa = PBXFrameworksBuildPhase;
			buildActionMask = 2147483647;
			files = (
			);
			runOnlyForDeploymentPostprocessing = 0;
		};
		A9E94CF11F58FA900076F7F1 /* Frameworks */ = {
			isa = PBXFrameworksBuildPhase;
			buildActionMask = 2147483647;
			files = (
			);
			runOnlyForDeploymentPostprocessing = 0;
		};
/* End PBXFrameworksBuildPhase section */

/* Begin PBXGroup section */
		A9E94CCC1F58FA8F0076F7F1 = {
			isa = PBXGroup;
			children = (
				A9E94CD71F58FA8F0076F7F1 /* WaterFlow */,
				A9E94CEC1F58FA900076F7F1 /* WaterFlowTests */,
				A9E94CF71F58FA900076F7F1 /* WaterFlowUITests */,
				A9E94CD61F58FA8F0076F7F1 /* Products */,
			);
			sourceTree = "<group>";
		};
		A9E94CD61F58FA8F0076F7F1 /* Products */ = {
			isa = PBXGroup;
			children = (
				A9E94CD51F58FA8F0076F7F1 /* WaterFlow.app */,
				A9E94CE91F58FA900076F7F1 /* WaterFlowTests.xctest */,
				A9E94CF41F58FA900076F7F1 /* WaterFlowUITests.xctest */,
			);
			name = Products;
			sourceTree = "<group>";
		};
		A9E94CD71F58FA8F0076F7F1 /* WaterFlow */ = {
			isa = PBXGroup;
			children = (
				A9E94D0A1F58FAC10076F7F1 /* UIColor+extension.swift */,
				A9E94D061F58FAB80076F7F1 /* GKCustomeViewController.swift */,
				A9E94D071F58FAB80076F7F1 /* GKWaterFlowLayout.swift */,
				A9E94CD81F58FA8F0076F7F1 /* AppDelegate.swift */,
				A9E94CDA1F58FA8F0076F7F1 /* ViewController.swift */,
				A9E94CDC1F58FA8F0076F7F1 /* Main.storyboard */,
				A9E94CDF1F58FA900076F7F1 /* Assets.xcassets */,
				A9E94CE11F58FA900076F7F1 /* LaunchScreen.storyboard */,
				A9E94CE41F58FA900076F7F1 /* Info.plist */,
			);
			path = WaterFlow;
			sourceTree = "<group>";
		};
		A9E94CEC1F58FA900076F7F1 /* WaterFlowTests */ = {
			isa = PBXGroup;
			children = (
				A9E94CED1F58FA900076F7F1 /* WaterFlowTests.swift */,
				A9E94CEF1F58FA900076F7F1 /* Info.plist */,
			);
			path = WaterFlowTests;
			sourceTree = "<group>";
		};
		A9E94CF71F58FA900076F7F1 /* WaterFlowUITests */ = {
			isa = PBXGroup;
			children = (
				A9E94CF81F58FA900076F7F1 /* WaterFlowUITests.swift */,
				A9E94CFA1F58FA900076F7F1 /* Info.plist */,
			);
			path = WaterFlowUITests;
			sourceTree = "<group>";
		};
/* End PBXGroup section */

/* Begin PBXNativeTarget section */
		A9E94CD41F58FA8F0076F7F1 /* WaterFlow */ = {
			isa = PBXNativeTarget;
			buildConfigurationList = A9E94CFD1F58FA900076F7F1 /* Build configuration list for PBXNativeTarget "WaterFlow" */;
			buildPhases = (
				A9E94CD11F58FA8F0076F7F1 /* Sources */,
				A9E94CD21F58FA8F0076F7F1 /* Frameworks */,
				A9E94CD31F58FA8F0076F7F1 /* Resources */,
			);
			buildRules = (
			);
			dependencies = (
			);
			name = WaterFlow;
			productName = WaterFlow;
			productReference = A9E94CD51F58FA8F0076F7F1 /* WaterFlow.app */;
			productType = "com.apple.product-type.application";
		};
		A9E94CE81F58FA900076F7F1 /* WaterFlowTests */ = {
			isa = PBXNativeTarget;
			buildConfigurationList = A9E94D001F58FA900076F7F1 /* Build configuration list for PBXNativeTarget "WaterFlowTests" */;
			buildPhases = (
				A9E94CE51F58FA900076F7F1 /* Sources */,
				A9E94CE61F58FA900076F7F1 /* Frameworks */,
				A9E94CE71F58FA900076F7F1 /* Resources */,
			);
			buildRules = (
			);
			dependencies = (
				A9E94CEB1F58FA900076F7F1 /* PBXTargetDependency */,
			);
			name = WaterFlowTests;
			productName = WaterFlowTests;
			productReference = A9E94CE91F58FA900076F7F1 /* WaterFlowTests.xctest */;
			productType = "com.apple.product-type.bundle.unit-test";
		};
		A9E94CF31F58FA900076F7F1 /* WaterFlowUITests */ = {
			isa = PBXNativeTarget;
			buildConfigurationList = A9E94D031F58FA900076F7F1 /* Build configuration list for PBXNativeTarget "WaterFlowUITests" */;
			buildPhases = (
				A9E94CF01F58FA900076F7F1 /* Sources */,
				A9E94CF11F58FA900076F7F1 /* Frameworks */,
				A9E94CF21F58FA900076F7F1 /* Resources */,
			);
			buildRules = (
			);
			dependencies = (
				A9E94CF61F58FA900076F7F1 /* PBXTargetDependency */,
			);
			name = WaterFlowUITests;
			productName = WaterFlowUITests;
			productReference = A9E94CF41F58FA900076F7F1 /* WaterFlowUITests.xctest */;
			productType = "com.apple.product-type.bundle.ui-testing";
		};
/* End PBXNativeTarget section */

/* Begin PBXProject section */
		A9E94CCD1F58FA8F0076F7F1 /* Project object */ = {
			isa = PBXProject;
			attributes = {
				LastSwiftUpdateCheck = 0830;
				LastUpgradeCheck = 0830;
				ORGANIZATIONNAME = molyfun;
				TargetAttributes = {
					A9E94CD41F58FA8F0076F7F1 = {
						CreatedOnToolsVersion = 8.3.3;
						ProvisioningStyle = Automatic;
					};
					A9E94CE81F58FA900076F7F1 = {
						CreatedOnToolsVersion = 8.3.3;
						ProvisioningStyle = Automatic;
						TestTargetID = A9E94CD41F58FA8F0076F7F1;
					};
					A9E94CF31F58FA900076F7F1 = {
						CreatedOnToolsVersion = 8.3.3;
						ProvisioningStyle = Automatic;
						TestTargetID = A9E94CD41F58FA8F0076F7F1;
					};
				};
			};
			buildConfigurationList = A9E94CD01F58FA8F0076F7F1 /* Build configuration list for PBXProject "WaterFlow" */;
			compatibilityVersion = "Xcode 3.2";
			developmentRegion = English;
			hasScannedForEncodings = 0;
			knownRegions = (
				en,
				Base,
			);
			mainGroup = A9E94CCC1F58FA8F0076F7F1;
			productRefGroup = A9E94CD61F58FA8F0076F7F1 /* Products */;
			projectDirPath = "";
			projectRoot = "";
			targets = (
				A9E94CD41F58FA8F0076F7F1 /* WaterFlow */,
				A9E94CE81F58FA900076F7F1 /* WaterFlowTests */,
				A9E94CF31F58FA900076F7F1 /* WaterFlowUITests */,
			);
		};
/* End PBXProject section */

/* Begin PBXResourcesBuildPhase section */
		A9E94CD31F58FA8F0076F7F1 /* Resources */ = {
			isa = PBXResourcesBuildPhase;
			buildActionMask = 2147483647;
			files = (
				A9E94CE31F58FA900076F7F1 /* LaunchScreen.storyboard in Resources */,
				A9E94CE01F58FA900076F7F1 /* Assets.xcassets in Resources */,
				A9E94CDE1F58FA900076F7F1 /* Main.storyboard in Resources */,
			);
			runOnlyForDeploymentPostprocessing = 0;
		};
		A9E94CE71F58FA900076F7F1 /* Resources */ = {
			isa = PBXResourcesBuildPhase;
			buildActionMask = 2147483647;
			files = (
			);
			runOnlyForDeploymentPostprocessing = 0;
		};
		A9E94CF21F58FA900076F7F1 /* Resources */ = {
			isa = PBXResourcesBuildPhase;
			buildActionMask = 2147483647;
			files = (
			);
			runOnlyForDeploymentPostprocessing = 0;
		};
/* End PBXResourcesBuildPhase section */

/* Begin PBXSourcesBuildPhase section */
		A9E94CD11F58FA8F0076F7F1 /* Sources */ = {
			isa = PBXSourcesBuildPhase;
			buildActionMask = 2147483647;
			files = (
				A9E94CDB1F58FA8F0076F7F1 /* ViewController.swift in Sources */,
				A9E94D091F58FAB80076F7F1 /* GKWaterFlowLayout.swift in Sources */,
				A9E94D0B1F58FAC10076F7F1 /* UIColor+extension.swift in Sources */,
				A9E94CD91F58FA8F0076F7F1 /* AppDelegate.swift in Sources */,
				A9E94D081F58FAB80076F7F1 /* GKCustomeViewController.swift in Sources */,
			);
			runOnlyForDeploymentPostprocessing = 0;
		};
		A9E94CE51F58FA900076F7F1 /* Sources */ = {
			isa = PBXSourcesBuildPhase;
			buildActionMask = 2147483647;
			files = (
				A9E94CEE1F58FA900076F7F1 /* WaterFlowTests.swift in Sources */,
			);
			runOnlyForDeploymentPostprocessing = 0;
		};
		A9E94CF01F58FA900076F7F1 /* Sources */ = {
			isa = PBXSourcesBuildPhase;
			buildActionMask = 2147483647;
			files = (
				A9E94CF91F58FA900076F7F1 /* WaterFlowUITests.swift in Sources */,
			);
			runOnlyForDeploymentPostprocessing = 0;
		};
/* End PBXSourcesBuildPhase section */

/* Begin PBXTargetDependency section */
		A9E94CEB1F58FA900076F7F1 /* PBXTargetDependency */ = {
			isa = PBXTargetDependency;
			target = A9E94CD41F58FA8F0076F7F1 /* WaterFlow */;
			targetProxy = A9E94CEA1F58FA900076F7F1 /* PBXContainerItemProxy */;
		};
		A9E94CF61F58FA900076F7F1 /* PBXTargetDependency */ = {
			isa = PBXTargetDependency;
			target = A9E94CD41F58FA8F0076F7F1 /* WaterFlow */;
			targetProxy = A9E94CF51F58FA900076F7F1 /* PBXContainerItemProxy */;
		};
/* End PBXTargetDependency section */

/* Begin PBXVariantGroup section */
		A9E94CDC1F58FA8F0076F7F1 /* Main.storyboard */ = {
			isa = PBXVariantGroup;
			children = (
				A9E94CDD1F58FA8F0076F7F1 /* Base */,
			);
			name = Main.storyboard;
			sourceTree = "<group>";
		};
		A9E94CE11F58FA900076F7F1 /* LaunchScreen.storyboard */ = {
			isa = PBXVariantGroup;
			children = (
				A9E94CE21F58FA900076F7F1 /* Base */,
			);
			name = LaunchScreen.storyboard;
			sourceTree = "<group>";
		};
/* End PBXVariantGroup section */

/* Begin XCBuildConfiguration section */
		A9E94CFB1F58FA900076F7F1 /* Debug */ = {
			isa = XCBuildConfiguration;
			buildSettings = {
				ALWAYS_SEARCH_USER_PATHS = NO;
				CLANG_ANALYZER_NONNULL = YES;
				CLANG_ANALYZER_NUMBER_OBJECT_CONVERSION = YES_AGGRESSIVE;
				CLANG_CXX_LANGUAGE_STANDARD = "gnu++0x";
				CLANG_CXX_LIBRARY = "libc++";
				CLANG_ENABLE_MODULES = YES;
				CLANG_ENABLE_OBJC_ARC = YES;
				CLANG_WARN_BOOL_CONVERSION = YES;
				CLANG_WARN_CONSTANT_CONVERSION = YES;
				CLANG_WARN_DIRECT_OBJC_ISA_USAGE = YES_ERROR;
				CLANG_WARN_DOCUMENTATION_COMMENTS = YES;
				CLANG_WARN_EMPTY_BODY = YES;
				CLANG_WARN_ENUM_CONVERSION = YES;
				CLANG_WARN_INFINITE_RECURSION = YES;
				CLANG_WARN_INT_CONVERSION = YES;
				CLANG_WARN_OBJC_ROOT_CLASS = YES_ERROR;
				CLANG_WARN_SUSPICIOUS_MOVE = YES;
				CLANG_WARN_UNREACHABLE_CODE = YES;
				CLANG_WARN__DUPLICATE_METHOD_MATCH = YES;
				"CODE_SIGN_IDENTITY[sdk=iphoneos*]" = "iPhone Developer";
				COPY_PHASE_STRIP = NO;
				DEBUG_INFORMATION_FORMAT = dwarf;
				ENABLE_STRICT_OBJC_MSGSEND = YES;
				ENABLE_TESTABILITY = YES;
				GCC_C_LANGUAGE_STANDARD = gnu99;
				GCC_DYNAMIC_NO_PIC = NO;
				GCC_NO_COMMON_BLOCKS = YES;
				GCC_OPTIMIZATION_LEVEL = 0;
				GCC_PREPROCESSOR_DEFINITIONS = (
					"DEBUG=1",
					"$(inherited)",
				);
				GCC_WARN_64_TO_32_BIT_CONVERSION = YES;
				GCC_WARN_ABOUT_RETURN_TYPE = YES_ERROR;
				GCC_WARN_UNDECLARED_SELECTOR = YES;
				GCC_WARN_UNINITIALIZED_AUTOS = YES_AGGRESSIVE;
				GCC_WARN_UNUSED_FUNCTION = YES;
				GCC_WARN_UNUSED_VARIABLE = YES;
				IPHONEOS_DEPLOYMENT_TARGET = 10.3;
				MTL_ENABLE_DEBUG_INFO = YES;
				ONLY_ACTIVE_ARCH = YES;
				SDKROOT = iphoneos;
				SWIFT_ACTIVE_COMPILATION_CONDITIONS = DEBUG;
				SWIFT_OPTIMIZATION_LEVEL = "-Onone";
			};
			name = Debug;
		};
		A9E94CFC1F58FA900076F7F1 /* Release */ = {
			isa = XCBuildConfiguration;
			buildSettings = {
				ALWAYS_SEARCH_USER_PATHS = NO;
				CLANG_ANALYZER_NONNULL = YES;
				CLANG_ANALYZER_NUMBER_OBJECT_CONVERSION = YES_AGGRESSIVE;
				CLANG_CXX_LANGUAGE_STANDARD = "gnu++0x";
				CLANG_CXX_LIBRARY = "libc++";
				CLANG_ENABLE_MODULES = YES;
				CLANG_ENABLE_OBJC_ARC = YES;
				CLANG_WARN_BOOL_CONVERSION = YES;
				CLANG_WARN_CONSTANT_CONVERSION = YES;
				CLANG_WARN_DIRECT_OBJC_ISA_USAGE = YES_ERROR;
				CLANG_WARN_DOCUMENTATION_COMMENTS = YES;
				CLANG_WARN_EMPTY_BODY = YES;
				CLANG_WARN_ENUM_CONVERSION = YES;
				CLANG_WARN_INFINITE_RECURSION = YES;
				CLANG_WARN_INT_CONVERSION = YES;
				CLANG_WARN_OBJC_ROOT_CLASS = YES_ERROR;
				CLANG_WARN_SUSPICIOUS_MOVE = YES;
				CLANG_WARN_UNREACHABLE_CODE = YES;
				CLANG_WARN__DUPLICATE_METHOD_MATCH = YES;
				"CODE_SIGN_IDENTITY[sdk=iphoneos*]" = "iPhone Developer";
				COPY_PHASE_STRIP = NO;
				DEBUG_INFORMATION_FORMAT = "dwarf-with-dsym";
				ENABLE_NS_ASSERTIONS = NO;
				ENABLE_STRICT_OBJC_MSGSEND = YES;
				GCC_C_LANGUAGE_STANDARD = gnu99;
				GCC_NO_COMMON_BLOCKS = YES;
				GCC_WARN_64_TO_32_BIT_CONVERSION = YES;
				GCC_WARN_ABOUT_RETURN_TYPE = YES_ERROR;
				GCC_WARN_UNDECLARED_SELECTOR = YES;
				GCC_WARN_UNINITIALIZED_AUTOS = YES_AGGRESSIVE;
				GCC_WARN_UNUSED_FUNCTION = YES;
				GCC_WARN_UNUSED_VARIABLE = YES;
				IPHONEOS_DEPLOYMENT_TARGET = 10.3;
				MTL_ENABLE_DEBUG_INFO = NO;
				SDKROOT = iphoneos;
				SWIFT_OPTIMIZATION_LEVEL = "-Owholemodule";
				VALIDATE_PRODUCT = YES;
			};
			name = Release;
		};
		A9E94CFE1F58FA900076F7F1 /* Debug */ = {
			isa = XCBuildConfiguration;
			buildSettings = {
				ASSETCATALOG_COMPILER_APPICON_NAME = AppIcon;
				INFOPLIST_FILE = WaterFlow/Info.plist;
				LD_RUNPATH_SEARCH_PATHS = "$(inherited) @executable_path/Frameworks";
				PRODUCT_BUNDLE_IDENTIFIER = com.waterFlow.WaterFlow.WaterFlow;
				PRODUCT_NAME = "$(TARGET_NAME)";
				SWIFT_VERSION = 3.0;
			};
			name = Debug;
		};
		A9E94CFF1F58FA900076F7F1 /* Release */ = {
			isa = XCBuildConfiguration;
			buildSettings = {
				ASSETCATALOG_COMPILER_APPICON_NAME = AppIcon;
				INFOPLIST_FILE = WaterFlow/Info.plist;
				LD_RUNPATH_SEARCH_PATHS = "$(inherited) @executable_path/Frameworks";
				PRODUCT_BUNDLE_IDENTIFIER = com.waterFlow.WaterFlow.WaterFlow;
				PRODUCT_NAME = "$(TARGET_NAME)";
				SWIFT_VERSION = 3.0;
			};
			name = Release;
		};
		A9E94D011F58FA900076F7F1 /* Debug */ = {
			isa = XCBuildConfiguration;
			buildSettings = {
				ALWAYS_EMBED_SWIFT_STANDARD_LIBRARIES = YES;
				BUNDLE_LOADER = "$(TEST_HOST)";
				INFOPLIST_FILE = WaterFlowTests/Info.plist;
				LD_RUNPATH_SEARCH_PATHS = "$(inherited) @executable_path/Frameworks @loader_path/Frameworks";
				PRODUCT_BUNDLE_IDENTIFIER = com.waterFlow.WaterFlow.WaterFlowTests;
				PRODUCT_NAME = "$(TARGET_NAME)";
				SWIFT_VERSION = 3.0;
				TEST_HOST = "$(BUILT_PRODUCTS_DIR)/WaterFlow.app/WaterFlow";
			};
			name = Debug;
		};
		A9E94D021F58FA900076F7F1 /* Release */ = {
			isa = XCBuildConfiguration;
			buildSettings = {
				ALWAYS_EMBED_SWIFT_STANDARD_LIBRARIES = YES;
				BUNDLE_LOADER = "$(TEST_HOST)";
				INFOPLIST_FILE = WaterFlowTests/Info.plist;
				LD_RUNPATH_SEARCH_PATHS = "$(inherited) @executable_path/Frameworks @loader_path/Frameworks";
				PRODUCT_BUNDLE_IDENTIFIER = com.waterFlow.WaterFlow.WaterFlowTests;
				PRODUCT_NAME = "$(TARGET_NAME)";
				SWIFT_VERSION = 3.0;
				TEST_HOST = "$(BUILT_PRODUCTS_DIR)/WaterFlow.app/WaterFlow";
			};
			name = Release;
		};
		A9E94D041F58FA900076F7F1 /* Debug */ = {
			isa = XCBuildConfiguration;
			buildSettings = {
				ALWAYS_EMBED_SWIFT_STANDARD_LIBRARIES = YES;
				INFOPLIST_FILE = WaterFlowUITests/Info.plist;
				LD_RUNPATH_SEARCH_PATHS = "$(inherited) @executable_path/Frameworks @loader_path/Frameworks";
				PRODUCT_BUNDLE_IDENTIFIER = com.waterFlow.WaterFlow.WaterFlowUITests;
				PRODUCT_NAME = "$(TARGET_NAME)";
				SWIFT_VERSION = 3.0;
				TEST_TARGET_NAME = WaterFlow;
			};
			name = Debug;
		};
		A9E94D051F58FA900076F7F1 /* Release */ = {
			isa = XCBuildConfiguration;
			buildSettings = {
				ALWAYS_EMBED_SWIFT_STANDARD_LIBRARIES = YES;
				INFOPLIST_FILE = WaterFlowUITests/Info.plist;
				LD_RUNPATH_SEARCH_PATHS = "$(inherited) @executable_path/Frameworks @loader_path/Frameworks";
				PRODUCT_BUNDLE_IDENTIFIER = com.waterFlow.WaterFlow.WaterFlowUITests;
				PRODUCT_NAME = "$(TARGET_NAME)";
				SWIFT_VERSION = 3.0;
				TEST_TARGET_NAME = WaterFlow;
			};
			name = Release;
		};
/* End XCBuildConfiguration section */

/* Begin XCConfigurationList section */
		A9E94CD01F58FA8F0076F7F1 /* Build configuration list for PBXProject "WaterFlow" */ = {
			isa = XCConfigurationList;
			buildConfigurations = (
				A9E94CFB1F58FA900076F7F1 /* Debug */,
				A9E94CFC1F58FA900076F7F1 /* Release */,
			);
			defaultConfigurationIsVisible = 0;
			defaultConfigurationName = Release;
		};
		A9E94CFD1F58FA900076F7F1 /* Build configuration list for PBXNativeTarget "WaterFlow" */ = {
			isa = XCConfigurationList;
			buildConfigurations = (
				A9E94CFE1F58FA900076F7F1 /* Debug */,
				A9E94CFF1F58FA900076F7F1 /* Release */,
			);
			defaultConfigurationIsVisible = 0;
		};
		A9E94D001F58FA900076F7F1 /* Build configuration list for PBXNativeTarget "WaterFlowTests" */ = {
			isa = XCConfigurationList;
			buildConfigurations = (
				A9E94D011F58FA900076F7F1 /* Debug */,
				A9E94D021F58FA900076F7F1 /* Release */,
			);
			defaultConfigurationIsVisible = 0;
		};
		A9E94D031F58FA900076F7F1 /* Build configuration list for PBXNativeTarget "WaterFlowUITests" */ = {
			isa = XCConfigurationList;
			buildConfigurations = (
				A9E94D041F58FA900076F7F1 /* Debug */,
				A9E94D051F58FA900076F7F1 /* Release */,
			);
			defaultConfigurationIsVisible = 0;
		};
/* End XCConfigurationList section */
	};
	rootObject = A9E94CCD1F58FA8F0076F7F1 /* Project object */;
}
